
Microsoft Visual Studio Solution File, Format Version 12.00
# Visual Studio Version 17
VisualStudioVersion = 17.2.32526.322
MinimumVisualStudioVersion = 10.0.40219.1
Project("{FAE04EC0-301F-11D3-BF4B-00C04F79EFBC}") = "MvcApplication1", "MvcApplication1\MvcApplication1.csproj", "{DA56FBD3-59D0-4134-A898-96227B46ACFE}"
EndProject
Global
	GlobalSection(SolutionConfigurationPlatforms) = preSolution
		Debug|Any CPU = Debug|Any CPU
		Release|Any CPU = Release|Any CPU
	EndGlobalSection
	GlobalSection(ProjectConfigurationPlatforms) = postSolution
		{DA56FBD3-59D0-4134-A898-96227B46ACFE}.Debug|Any CPU.ActiveCfg = Debug|Any CPU
		{DA56FBD3-59D0-4134-A898-96227B46ACFE}.Debug|Any CPU.Build.0 = Debug|Any CPU
		{DA56FBD3-59D0-4134-A898-96227B46ACFE}.Release|Any CPU.ActiveCfg = Release|Any CPU
		{DA56FBD3-59D0-4134-A898-96227B46ACFE}.Release|Any CPU.Build.0 = Release|Any CPU
	EndGlobalSection
	GlobalSection(SolutionProperties) = preSolution
		HideSolutionNode = FALSE
	EndGlobalSection
	GlobalSection(ExtensibilityGlobals) = postSolution
		SolutionGuid = {02E7AFFF-5FB9-4D49-8FB1-964C37CC4223}
	EndGlobalSection
EndGlobal
